
Microsoft Visual Studio Solution File, Format Version 12.00
# Visual Studio Version 17
VisualStudioVersion = 17.7.34031.279
MinimumVisualStudioVersion = 10.0.40219.1
Project("{FAE04EC0-301F-11D3-BF4B-00C04F79EFBC}") = "ServiceStationWeb", "ServiceStationWeb.csproj", "{62C89149-2CD2-4696-BDC5-A26016C6FC00}"
EndProject
Global
	GlobalSection(SolutionConfigurationPlatforms) = preSolution
		Debug|Any CPU = Debug|Any CPU
		Release|Any CPU = Release|Any CPU
	EndGlobalSection
	GlobalSection(ProjectConfigurationPlatforms) = postSolution
		{62C89149-2CD2-4696-BDC5-A26016C6FC00}.Debug|Any CPU.ActiveCfg = Debug|Any CPU
		{62C89149-2CD2-4696-BDC5-A26016C6FC00}.Debug|Any CPU.Build.0 = Debug|Any CPU
		{62C89149-2CD2-4696-BDC5-A26016C6FC00}.Release|Any CPU.ActiveCfg = Release|Any CPU
		{62C89149-2CD2-4696-BDC5-A26016C6FC00}.Release|Any CPU.Build.0 = Release|Any CPU
	EndGlobalSection
	GlobalSection(SolutionProperties) = preSolution
		HideSolutionNode = FALSE
	EndGlobalSection
	GlobalSection(ExtensibilityGlobals) = postSolution
		SolutionGuid = {EDA67D15-58C0-42E1-9CFB-B8236E2BC813}
	EndGlobalSection
EndGlobal
